
Microsoft Visual Studio Solution File, Format Version 12.00
Project("{FAE04EC0-301F-11D3-BF4B-00C04F79EFBC}") = "ShopFlowDataBase", "ShopFlowDataBase\ShopFlowDataBase.csproj", "{ADED19FD-3BBF-4219-87E5-4B25FA8B18A5}"
EndProject
Global
	GlobalSection(SolutionConfigurationPlatforms) = preSolution
		Debug|Any CPU = Debug|Any CPU
		Release|Any CPU = Release|Any CPU
	EndGlobalSection
	GlobalSection(ProjectConfigurationPlatforms) = postSolution
		{ADED19FD-3BBF-4219-87E5-4B25FA8B18A5}.Debug|Any CPU.ActiveCfg = Debug|Any CPU
		{ADED19FD-3BBF-4219-87E5-4B25FA8B18A5}.Debug|Any CPU.Build.0 = Debug|Any CPU
		{ADED19FD-3BBF-4219-87E5-4B25FA8B18A5}.Release|Any CPU.ActiveCfg = Release|Any CPU
		{ADED19FD-3BBF-4219-87E5-4B25FA8B18A5}.Release|Any CPU.Build.0 = Release|Any CPU
	EndGlobalSection
EndGlobal
